// !$*UTF8*$!
{
	archiveVersion = 1;
	classes = {
	};
	objectVersion = 46;
	objects = {

/* Begin PBXBuildFile section */
		EE2F0C721EBA8FBB00207511 /* AppDelegate.swift in Sources */ = {isa = PBXBuildFile; fileRef = EE2F0C711EBA8FBB00207511 /* AppDelegate.swift */; };
		EE2F0C741EBA8FBB00207511 /* ViewController.swift in Sources */ = {isa = PBXBuildFile; fileRef = EE2F0C731EBA8FBB00207511 /* ViewController.swift */; };
		EE2F0C771EBA8FBB00207511 /* Main.storyboard in Resources */ = {isa = PBXBuildFile; fileRef = EE2F0C751EBA8FBB00207511 /* Main.storyboard */; };
		EE2F0C791EBA8FBB00207511 /* Assets.xcassets in Resources */ = {isa = PBXBuildFile; fileRef = EE2F0C781EBA8FBB00207511 /* Assets.xcassets */; };
		EE2F0C7C1EBA8FBB00207511 /* LaunchScreen.storyboard in Resources */ = {isa = PBXBuildFile; fileRef = EE2F0C7A1EBA8FBB00207511 /* LaunchScreen.storyboard */; };
/* End PBXBuildFile section */

/* Begin PBXFileReference section */
		EE2F0C6E1EBA8FBB00207511 /* healthpoints.app */ = {isa = PBXFileReference; explicitFileType = wrapper.application; includeInIndex = 0; path = healthpoints.app; sourceTree = BUILT_PRODUCTS_DIR; };
		EE2F0C711EBA8FBB00207511 /* AppDelegate.swift */ = {isa = PBXFileReference; lastKnownFileType = sourcecode.swift; path = AppDelegate.swift; sourceTree = "<group>"; };
		EE2F0C731EBA8FBB00207511 /* ViewController.swift */ = {isa = PBXFileReference; lastKnownFileType = sourcecode.swift; path = ViewController.swift; sourceTree = "<group>"; };
		EE2F0C761EBA8FBB00207511 /* Base */ = {isa = PBXFileReference; lastKnownFileType = file.storyboard; name = Base; path = Base.lproj/Main.storyboard; sourceTree = "<group>"; };
		EE2F0C781EBA8FBB00207511 /* Assets.xcassets */ = {isa = PBXFileReference; lastKnownFileType = folder.assetcatalog; path = Assets.xcassets; sourceTree = "<group>"; };
		EE2F0C7B1EBA8FBB00207511 /* Base */ = {isa = PBXFileReference; lastKnownFileType = file.storyboard; name = Base; path = Base.lproj/LaunchScreen.storyboard; sourceTree = "<group>"; };
		EE2F0C7D1EBA8FBB00207511 /* Info.plist */ = {isa = PBXFileReference; lastKnownFileType = text.plist.xml; path = Info.plist; sourceTree = "<group>"; };
/* End PBXFileReference section */

/* Begin PBXFrameworksBuildPhase section */
		EE2F0C6B1EBA8FBB00207511 /* Frameworks */ = {
			isa = PBXFrameworksBuildPhase;
			buildActionMask = 2147483647;
			files = (
			);
			runOnlyForDeploymentPostprocessing = 0;
		};
/* End PBXFrameworksBuildPhase section */

/* Begin PBXGroup section */
		EE2F0C651EBA8FBB00207511 = {
			isa = PBXGroup;
			children = (
				EE2F0C701EBA8FBB00207511 /* healthpoints */,
				EE2F0C6F1EBA8FBB00207511 /* Products */,
			);
			sourceTree = "<group>";
		};
		EE2F0C6F1EBA8FBB00207511 /* Products */ = {
			isa = PBXGroup;
			children = (
				EE2F0C6E1EBA8FBB00207511 /* healthpoints.app */,
			);
			name = Products;
			sourceTree = "<group>";
		};
		EE2F0C701EBA8FBB00207511 /* healthpoints */ = {
			isa = PBXGroup;
			children = (
				EE2F0C711EBA8FBB00207511 /* AppDelegate.swift */,
				EE2F0C731EBA8FBB00207511 /* ViewController.swift */,
				EE2F0C751EBA8FBB00207511 /* Main.storyboard */,
				EE2F0C781EBA8FBB00207511 /* Assets.xcassets */,
				EE2F0C7A1EBA8FBB00207511 /* LaunchScreen.storyboard */,
				EE2F0C7D1EBA8FBB00207511 /* Info.plist */,
			);
			path = healthpoints;
			sourceTree = "<group>";
		};
/* End PBXGroup section */

/* Begin PBXNativeTarget section */
		EE2F0C6D1EBA8FBB00207511 /* healthpoints */ = {
			isa = PBXNativeTarget;
			buildConfigurationList = EE2F0C801EBA8FBB00207511 /* Build configuration list for PBXNativeTarget "healthpoints" */;
			buildPhases = (
				EE2F0C6A1EBA8FBB00207511 /* Sources */,
				EE2F0C6B1EBA8FBB00207511 /* Frameworks */,
				EE2F0C6C1EBA8FBB00207511 /* Resources */,
			);
			buildRules = (
			);
			dependencies = (
			);
			name = healthpoints;
			productName = healthpoints;
			productReference = EE2F0C6E1EBA8FBB00207511 /* healthpoints.app */;
			productType = "com.apple.product-type.application";
		};
/* End PBXNativeTarget section */

/* Begin PBXProject section */
		EE2F0C661EBA8FBB00207511 /* Project object */ = {
			isa = PBXProject;
			attributes = {
				LastSwiftUpdateCheck = 0830;
				LastUpgradeCheck = 0830;
				ORGANIZATIONNAME = healthpoints;
				TargetAttributes = {
					EE2F0C6D1EBA8FBB00207511 = {
						CreatedOnToolsVersion = 8.3.2;
						DevelopmentTeam = JANZDS5D43;
						ProvisioningStyle = Automatic;
					};
				};
			};
			buildConfigurationList = EE2F0C691EBA8FBB00207511 /* Build configuration list for PBXProject "healthpoints" */;
			compatibilityVersion = "Xcode 3.2";
			developmentRegion = English;
			hasScannedForEncodings = 0;
			knownRegions = (
				en,
				Base,
			);
			mainGroup = EE2F0C651EBA8FBB00207511;
			productRefGroup = EE2F0C6F1EBA8FBB00207511 /* Products */;
			projectDirPath = "";
			projectRoot = "";
			targets = (
				EE2F0C6D1EBA8FBB00207511 /* healthpoints */,
			);
		};
/* End PBXProject section */

/* Begin PBXResourcesBuildPhase section */
		EE2F0C6C1EBA8FBB00207511 /* Resources */ = {
			isa = PBXResourcesBuildPhase;
			buildActionMask = 2147483647;
			files = (
				EE2F0C7C1EBA8FBB00207511 /* LaunchScreen.storyboard in Resources */,
				EE2F0C791EBA8FBB00207511 /* Assets.xcassets in Resources */,
				EE2F0C771EBA8FBB00207511 /* Main.storyboard in Resources */,
			);
			runOnlyForDeploymentPostprocessing = 0;
		};
/* End PBXResourcesBuildPhase section */

/* Begin PBXSourcesBuildPhase section */
		EE2F0C6A1EBA8FBB00207511 /* Sources */ = {
			isa = PBXSourcesBuildPhase;
			buildActionMask = 2147483647;
			files = (
				EE2F0C741EBA8FBB00207511 /* ViewController.swift in Sources */,
				EE2F0C721EBA8FBB00207511 /* AppDelegate.swift in Sources */,
			);
			runOnlyForDeploymentPostprocessing = 0;
		};
/* End PBXSourcesBuildPhase section */

/* Begin PBXVariantGroup section */
		EE2F0C751EBA8FBB00207511 /* Main.storyboard */ = {
			isa = PBXVariantGroup;
			children = (
				EE2F0C761EBA8FBB00207511 /* Base */,
			);
			name = Main.storyboard;
			sourceTree = "<group>";
		};
		EE2F0C7A1EBA8FBB00207511 /* LaunchScreen.storyboard */ = {
			isa = PBXVariantGroup;
			children = (
				EE2F0C7B1EBA8FBB00207511 /* Base */,
			);
			name = LaunchScreen.storyboard;
			sourceTree = "<group>";
		};
/* End PBXVariantGroup section */

/* Begin XCBuildConfiguration section */
		EE2F0C7E1EBA8FBB00207511 /* Debug */ = {
			isa = XCBuildConfiguration;
			buildSettings = {
				ALWAYS_SEARCH_USER_PATHS = NO;
				CLANG_ANALYZER_NONNULL = YES;
				CLANG_ANALYZER_NUMBER_OBJECT_CONVERSION = YES_AGGRESSIVE;
				CLANG_CXX_LANGUAGE_STANDARD = "gnu++0x";
				CLANG_CXX_LIBRARY = "libc++";
				CLANG_ENABLE_MODULES = YES;
				CLANG_ENABLE_OBJC_ARC = YES;
				CLANG_WARN_BOOL_CONVERSION = YES;
				CLANG_WARN_CONSTANT_CONVERSION = YES;
				CLANG_WARN_DIRECT_OBJC_ISA_USAGE = YES_ERROR;
				CLANG_WARN_DOCUMENTATION_COMMENTS = YES;
				CLANG_WARN_EMPTY_BODY = YES;
				CLANG_WARN_ENUM_CONVERSION = YES;
				CLANG_WARN_INFINITE_RECURSION = YES;
				CLANG_WARN_INT_CONVERSION = YES;
				CLANG_WARN_OBJC_ROOT_CLASS = YES_ERROR;
				CLANG_WARN_SUSPICIOUS_MOVE = YES;
				CLANG_WARN_UNREACHABLE_CODE = YES;
				CLANG_WARN__DUPLICATE_METHOD_MATCH = YES;
				"CODE_SIGN_IDENTITY[sdk=iphoneos*]" = "iPhone Developer";
				COPY_PHASE_STRIP = NO;
				DEBUG_INFORMATION_FORMAT = dwarf;
				ENABLE_STRICT_OBJC_MSGSEND = YES;
				ENABLE_TESTABILITY = YES;
				GCC_C_LANGUAGE_STANDARD = gnu99;
				GCC_DYNAMIC_NO_PIC = NO;
				GCC_NO_COMMON_BLOCKS = YES;
				GCC_OPTIMIZATION_LEVEL = 0;
				GCC_PREPROCESSOR_DEFINITIONS = (
					"DEBUG=1",
					"$(inherited)",
				);
				GCC_WARN_64_TO_32_BIT_CONVERSION = YES;
				GCC_WARN_ABOUT_RETURN_TYPE = YES_ERROR;
				GCC_WARN_UNDECLARED_SELECTOR = YES;
				GCC_WARN_UNINITIALIZED_AUTOS = YES_AGGRESSIVE;
				GCC_WARN_UNUSED_FUNCTION = YES;
				GCC_WARN_UNUSED_VARIABLE = YES;
				IPHONEOS_DEPLOYMENT_TARGET = 10.3;
				MTL_ENABLE_DEBUG_INFO = YES;
				ONLY_ACTIVE_ARCH = YES;
				SDKROOT = iphoneos;
				SWIFT_ACTIVE_COMPILATION_CONDITIONS = DEBUG;
				SWIFT_OPTIMIZATION_LEVEL = "-Onone";
			};
			name = Debug;
		};
		EE2F0C7F1EBA8FBB00207511 /* Release */ = {
			isa = XCBuildConfiguration;
			buildSettings = {
				ALWAYS_SEARCH_USER_PATHS = NO;
				CLANG_ANALYZER_NONNULL = YES;
				CLANG_ANALYZER_NUMBER_OBJECT_CONVERSION = YES_AGGRESSIVE;
				CLANG_CXX_LANGUAGE_STANDARD = "gnu++0x";
				CLANG_CXX_LIBRARY = "libc++";
				CLANG_ENABLE_MODULES = YES;
				CLANG_ENABLE_OBJC_ARC = YES;
				CLANG_WARN_BOOL_CONVERSION = YES;
				CLANG_WARN_CONSTANT_CONVERSION = YES;
				CLANG_WARN_DIRECT_OBJC_ISA_USAGE = YES_ERROR;
				CLANG_WARN_DOCUMENTATION_COMMENTS = YES;
				CLANG_WARN_EMPTY_BODY = YES;
				CLANG_WARN_ENUM_CONVERSION = YES;
				CLANG_WARN_INFINITE_RECURSION = YES;
				CLANG_WARN_INT_CONVERSION = YES;
				CLANG_WARN_OBJC_ROOT_CLASS = YES_ERROR;
				CLANG_WARN_SUSPICIOUS_MOVE = YES;
				CLANG_WARN_UNREACHABLE_CODE = YES;
				CLANG_WARN__DUPLICATE_METHOD_MATCH = YES;
				"CODE_SIGN_IDENTITY[sdk=iphoneos*]" = "iPhone Developer";
				COPY_PHASE_STRIP = NO;
				DEBUG_INFORMATION_FORMAT = "dwarf-with-dsym";
				ENABLE_NS_ASSERTIONS = NO;
				ENABLE_STRICT_OBJC_MSGSEND = YES;
				GCC_C_LANGUAGE_STANDARD = gnu99;
				GCC_NO_COMMON_BLOCKS = YES;
				GCC_WARN_64_TO_32_BIT_CONVERSION = YES;
				GCC_WARN_ABOUT_RETURN_TYPE = YES_ERROR;
				GCC_WARN_UNDECLARED_SELECTOR = YES;
				GCC_WARN_UNINITIALIZED_AUTOS = YES_AGGRESSIVE;
				GCC_WARN_UNUSED_FUNCTION = YES;
				GCC_WARN_UNUSED_VARIABLE = YES;
				IPHONEOS_DEPLOYMENT_TARGET = 10.3;
				MTL_ENABLE_DEBUG_INFO = NO;
				SDKROOT = iphoneos;
				SWIFT_OPTIMIZATION_LEVEL = "-Owholemodule";
				VALIDATE_PRODUCT = YES;
			};
			name = Release;
		};
		EE2F0C811EBA8FBB00207511 /* Debug */ = {
			isa = XCBuildConfiguration;
			buildSettings = {
				ASSETCATALOG_COMPILER_APPICON_NAME = AppIcon;
				DEVELOPMENT_TEAM = JANZDS5D43;
				INFOPLIST_FILE = healthpoints/Info.plist;
				LD_RUNPATH_SEARCH_PATHS = "$(inherited) @executable_path/Frameworks";
				PRODUCT_BUNDLE_IDENTIFIER = club.healthpoints;
				PRODUCT_NAME = "$(TARGET_NAME)";
				SWIFT_VERSION = 3.0;
			};
			name = Debug;
		};
		EE2F0C821EBA8FBB00207511 /* Release */ = {
			isa = XCBuildConfiguration;
			buildSettings = {
				ASSETCATALOG_COMPILER_APPICON_NAME = AppIcon;
				DEVELOPMENT_TEAM = JANZDS5D43;
				INFOPLIST_FILE = healthpoints/Info.plist;
				LD_RUNPATH_SEARCH_PATHS = "$(inherited) @executable_path/Frameworks";
				PRODUCT_BUNDLE_IDENTIFIER = club.healthpoints;
				PRODUCT_NAME = "$(TARGET_NAME)";
				SWIFT_VERSION = 3.0;
			};
			name = Release;
		};
/* End XCBuildConfiguration section */

/* Begin XCConfigurationList section */
		EE2F0C691EBA8FBB00207511 /* Build configuration list for PBXProject "healthpoints" */ = {
			isa = XCConfigurationList;
			buildConfigurations = (
				EE2F0C7E1EBA8FBB00207511 /* Debug */,
				EE2F0C7F1EBA8FBB00207511 /* Release */,
			);
			defaultConfigurationIsVisible = 0;
			defaultConfigurationName = Release;
		};
		EE2F0C801EBA8FBB00207511 /* Build configuration list for PBXNativeTarget "healthpoints" */ = {
			isa = XCConfigurationList;
			buildConfigurations = (
				EE2F0C811EBA8FBB00207511 /* Debug */,
				EE2F0C821EBA8FBB00207511 /* Release */,
			);
			defaultConfigurationIsVisible = 0;
		};
/* End XCConfigurationList section */
	};
	rootObject = EE2F0C661EBA8FBB00207511 /* Project object */;
}
